
Microsoft Visual Studio Solution File, Format Version 12.00
# Visual Studio Version 17
VisualStudioVersion = 17.14.36414.22 d17.14
MinimumVisualStudioVersion = 10.0.40219.1
Project("{FAE04EC0-301F-11D3-BF4B-00C04F79EFBC}") = "MunicipalServicesMVP", "MunicipalServicesMVP.csproj", "{B55BD9F4-17E7-4881-A22C-87C4C28521F9}"
EndProject
Global
	GlobalSection(SolutionConfigurationPlatforms) = preSolution
		Debug|Any CPU = Debug|Any CPU
		Release|Any CPU = Release|Any CPU
	EndGlobalSection
	GlobalSection(ProjectConfigurationPlatforms) = postSolution
		{B55BD9F4-17E7-4881-A22C-87C4C28521F9}.Debug|Any CPU.ActiveCfg = Debug|Any CPU
		{B55BD9F4-17E7-4881-A22C-87C4C28521F9}.Debug|Any CPU.Build.0 = Debug|Any CPU
		{B55BD9F4-17E7-4881-A22C-87C4C28521F9}.Release|Any CPU.ActiveCfg = Release|Any CPU
		{B55BD9F4-17E7-4881-A22C-87C4C28521F9}.Release|Any CPU.Build.0 = Release|Any CPU
	EndGlobalSection
	GlobalSection(SolutionProperties) = preSolution
		HideSolutionNode = FALSE
	EndGlobalSection
	GlobalSection(ExtensibilityGlobals) = postSolution
		SolutionGuid = {6D0B4687-CED0-40C1-8828-C9B13D3B2CF3}
	EndGlobalSection
EndGlobal
